
Microsoft Visual Studio Solution File, Format Version 12.00
# Visual Studio Version 16
VisualStudioVersion = 16.0.30413.136
MinimumVisualStudioVersion = 10.0.40219.1
Project("{FAE04EC0-301F-11D3-BF4B-00C04F79EFBC}") = "UploadPro", "UploadPro\UploadPro.csproj", "{58551F9A-5C6A-4464-90D3-5701C14DE277}"
EndProject
Global
	GlobalSection(SolutionConfigurationPlatforms) = preSolution
		Debug|Any CPU = Debug|Any CPU
		Release|Any CPU = Release|Any CPU
	EndGlobalSection
	GlobalSection(ProjectConfigurationPlatforms) = postSolution
		{58551F9A-5C6A-4464-90D3-5701C14DE277}.Debug|Any CPU.ActiveCfg = Debug|Any CPU
		{58551F9A-5C6A-4464-90D3-5701C14DE277}.Debug|Any CPU.Build.0 = Debug|Any CPU
		{58551F9A-5C6A-4464-90D3-5701C14DE277}.Release|Any CPU.ActiveCfg = Release|Any CPU
		{58551F9A-5C6A-4464-90D3-5701C14DE277}.Release|Any CPU.Build.0 = Release|Any CPU
	EndGlobalSection
	GlobalSection(SolutionProperties) = preSolution
		HideSolutionNode = FALSE
	EndGlobalSection
	GlobalSection(ExtensibilityGlobals) = postSolution
		SolutionGuid = {F98F7571-2796-4109-A2AF-6B8F7E35D9AC}
	EndGlobalSection
EndGlobal
